// !$*UTF8*$!
{
	archiveVersion = 1;
	classes = {
	};
	objectVersion = 50;
	objects = {

/* Begin PBXBuildFile section */
		A51C4B6423E9568E00442950 /* DependencyContainer.swift in Sources */ = {isa = PBXBuildFile; fileRef = A51C4B6323E9568E00442950 /* DependencyContainer.swift */; };
		A51CC7FA23E2D5F4007AF332 /* AppDelegate.swift in Sources */ = {isa = PBXBuildFile; fileRef = A51CC7F923E2D5F4007AF332 /* AppDelegate.swift */; };
		A51CC7FC23E2D5F4007AF332 /* SceneDelegate.swift in Sources */ = {isa = PBXBuildFile; fileRef = A51CC7FB23E2D5F4007AF332 /* SceneDelegate.swift */; };
		A51CC80123E2D5F4007AF332 /* Main.storyboard in Resources */ = {isa = PBXBuildFile; fileRef = A51CC7FF23E2D5F4007AF332 /* Main.storyboard */; };
		A51CC80423E2D5F4007AF332 /* TinkoffNews.xcdatamodeld in Sources */ = {isa = PBXBuildFile; fileRef = A51CC80223E2D5F4007AF332 /* TinkoffNews.xcdatamodeld */; };
		A51CC80623E2D5F6007AF332 /* Assets.xcassets in Resources */ = {isa = PBXBuildFile; fileRef = A51CC80523E2D5F6007AF332 /* Assets.xcassets */; };
		A51CC80923E2D5F6007AF332 /* LaunchScreen.storyboard in Resources */ = {isa = PBXBuildFile; fileRef = A51CC80723E2D5F6007AF332 /* LaunchScreen.storyboard */; };
		A51CC81123E2D621007AF332 /* MainViewController.swift in Sources */ = {isa = PBXBuildFile; fileRef = A51CC81023E2D621007AF332 /* MainViewController.swift */; };
		A51CC81423E2D661007AF332 /* CellViewController.swift in Sources */ = {isa = PBXBuildFile; fileRef = A51CC81323E2D661007AF332 /* CellViewController.swift */; };
		A51CC81723E2E10C007AF332 /* MainViewViewModel.swift in Sources */ = {isa = PBXBuildFile; fileRef = A51CC81623E2E10C007AF332 /* MainViewViewModel.swift */; };
		A51CC81A23E2E1A9007AF332 /* APIManager.swift in Sources */ = {isa = PBXBuildFile; fileRef = A51CC81923E2E1A9007AF332 /* APIManager.swift */; };
		A51CC81F23E2E21C007AF332 /* ResponseModel.swift in Sources */ = {isa = PBXBuildFile; fileRef = A51CC81E23E2E21C007AF332 /* ResponseModel.swift */; };
		A51CC82123E2E3BB007AF332 /* CellViewModel.swift in Sources */ = {isa = PBXBuildFile; fileRef = A51CC82023E2E3BB007AF332 /* CellViewModel.swift */; };
		A544762723E7E9B800A1E55B /* NSAttributedStringExtension.swift in Sources */ = {isa = PBXBuildFile; fileRef = A544762623E7E9B800A1E55B /* NSAttributedStringExtension.swift */; };
		A544762A23E801BA00A1E55B /* CoreDataStack.swift in Sources */ = {isa = PBXBuildFile; fileRef = A544762923E801BA00A1E55B /* CoreDataStack.swift */; };
		A5B49A8123E70BFF00C7158B /* DetailViewController.swift in Sources */ = {isa = PBXBuildFile; fileRef = A5B49A8023E70BFF00C7158B /* DetailViewController.swift */; };
		A5B49A8323E70C5600C7158B /* DetailViewModel.swift in Sources */ = {isa = PBXBuildFile; fileRef = A5B49A8223E70C5600C7158B /* DetailViewModel.swift */; };
		A5B49A8523E71FDC00C7158B /* DetailNews.swift in Sources */ = {isa = PBXBuildFile; fileRef = A5B49A8423E71FDC00C7158B /* DetailNews.swift */; };
		A5B6149423E8708800139FE0 /* CoreDataManager.swift in Sources */ = {isa = PBXBuildFile; fileRef = A5B6149323E8708800139FE0 /* CoreDataManager.swift */; };
/* End PBXBuildFile section */

/* Begin PBXFileReference section */
		A51C4B6323E9568E00442950 /* DependencyContainer.swift */ = {isa = PBXFileReference; lastKnownFileType = sourcecode.swift; path = DependencyContainer.swift; sourceTree = "<group>"; };
		A51CC7F623E2D5F4007AF332 /* TinkoffNews.app */ = {isa = PBXFileReference; explicitFileType = wrapper.application; includeInIndex = 0; path = TinkoffNews.app; sourceTree = BUILT_PRODUCTS_DIR; };
		A51CC7F923E2D5F4007AF332 /* AppDelegate.swift */ = {isa = PBXFileReference; lastKnownFileType = sourcecode.swift; path = AppDelegate.swift; sourceTree = "<group>"; };
		A51CC7FB23E2D5F4007AF332 /* SceneDelegate.swift */ = {isa = PBXFileReference; lastKnownFileType = sourcecode.swift; path = SceneDelegate.swift; sourceTree = "<group>"; };
		A51CC80023E2D5F4007AF332 /* Base */ = {isa = PBXFileReference; lastKnownFileType = file.storyboard; name = Base; path = Base.lproj/Main.storyboard; sourceTree = "<group>"; };
		A51CC80323E2D5F4007AF332 /* TinkoffNews.xcdatamodel */ = {isa = PBXFileReference; lastKnownFileType = wrapper.xcdatamodel; path = TinkoffNews.xcdatamodel; sourceTree = "<group>"; };
		A51CC80523E2D5F6007AF332 /* Assets.xcassets */ = {isa = PBXFileReference; lastKnownFileType = folder.assetcatalog; path = Assets.xcassets; sourceTree = "<group>"; };
		A51CC80823E2D5F6007AF332 /* Base */ = {isa = PBXFileReference; lastKnownFileType = file.storyboard; name = Base; path = Base.lproj/LaunchScreen.storyboard; sourceTree = "<group>"; };
		A51CC80A23E2D5F6007AF332 /* Info.plist */ = {isa = PBXFileReference; lastKnownFileType = text.plist.xml; path = Info.plist; sourceTree = "<group>"; };
		A51CC81023E2D621007AF332 /* MainViewController.swift */ = {isa = PBXFileReference; lastKnownFileType = sourcecode.swift; path = MainViewController.swift; sourceTree = "<group>"; };
		A51CC81323E2D661007AF332 /* CellViewController.swift */ = {isa = PBXFileReference; lastKnownFileType = sourcecode.swift; path = CellViewController.swift; sourceTree = "<group>"; };
		A51CC81623E2E10C007AF332 /* MainViewViewModel.swift */ = {isa = PBXFileReference; lastKnownFileType = sourcecode.swift; path = MainViewViewModel.swift; sourceTree = "<group>"; };
		A51CC81923E2E1A9007AF332 /* APIManager.swift */ = {isa = PBXFileReference; lastKnownFileType = sourcecode.swift; path = APIManager.swift; sourceTree = "<group>"; };
		A51CC81E23E2E21C007AF332 /* ResponseModel.swift */ = {isa = PBXFileReference; lastKnownFileType = sourcecode.swift; path = ResponseModel.swift; sourceTree = "<group>"; };
		A51CC82023E2E3BB007AF332 /* CellViewModel.swift */ = {isa = PBXFileReference; lastKnownFileType = sourcecode.swift; path = CellViewModel.swift; sourceTree = "<group>"; };
		A544762623E7E9B800A1E55B /* NSAttributedStringExtension.swift */ = {isa = PBXFileReference; lastKnownFileType = sourcecode.swift; path = NSAttributedStringExtension.swift; sourceTree = "<group>"; };
		A544762923E801BA00A1E55B /* CoreDataStack.swift */ = {isa = PBXFileReference; lastKnownFileType = sourcecode.swift; path = CoreDataStack.swift; sourceTree = "<group>"; };
		A5B49A8023E70BFF00C7158B /* DetailViewController.swift */ = {isa = PBXFileReference; lastKnownFileType = sourcecode.swift; path = DetailViewController.swift; sourceTree = "<group>"; };
		A5B49A8223E70C5600C7158B /* DetailViewModel.swift */ = {isa = PBXFileReference; lastKnownFileType = sourcecode.swift; path = DetailViewModel.swift; sourceTree = "<group>"; };
		A5B49A8423E71FDC00C7158B /* DetailNews.swift */ = {isa = PBXFileReference; lastKnownFileType = sourcecode.swift; path = DetailNews.swift; sourceTree = "<group>"; };
		A5B6149323E8708800139FE0 /* CoreDataManager.swift */ = {isa = PBXFileReference; lastKnownFileType = sourcecode.swift; path = CoreDataManager.swift; sourceTree = "<group>"; };
/* End PBXFileReference section */

/* Begin PBXFrameworksBuildPhase section */
		A51CC7F323E2D5F4007AF332 /* Frameworks */ = {
			isa = PBXFrameworksBuildPhase;
			buildActionMask = 2147483647;
			files = (
			);
			runOnlyForDeploymentPostprocessing = 0;
		};
/* End PBXFrameworksBuildPhase section */

/* Begin PBXGroup section */
		A51CC7ED23E2D5F4007AF332 = {
			isa = PBXGroup;
			children = (
				A51CC7F823E2D5F4007AF332 /* TinkoffNews */,
				A51CC7F723E2D5F4007AF332 /* Products */,
			);
			sourceTree = "<group>";
		};
		A51CC7F723E2D5F4007AF332 /* Products */ = {
			isa = PBXGroup;
			children = (
				A51CC7F623E2D5F4007AF332 /* TinkoffNews.app */,
			);
			name = Products;
			sourceTree = "<group>";
		};
		A51CC7F823E2D5F4007AF332 /* TinkoffNews */ = {
			isa = PBXGroup;
			children = (
				A51CC7F923E2D5F4007AF332 /* AppDelegate.swift */,
				A51CC7FB23E2D5F4007AF332 /* SceneDelegate.swift */,
				A51C4B6323E9568E00442950 /* DependencyContainer.swift */,
				A51CC81823E2E192007AF332 /* APIManager */,
				A544762823E801A700A1E55B /* CoreDataStack */,
				A51CC81D23E2E211007AF332 /* Model */,
				A51CC81223E2D626007AF332 /* View */,
				A51CC81523E2DF4E007AF332 /* ViewModel */,
				A544762523E7E98C00A1E55B /* Extensions */,
				A51CC7FF23E2D5F4007AF332 /* Main.storyboard */,
				A51CC80523E2D5F6007AF332 /* Assets.xcassets */,
				A51CC80723E2D5F6007AF332 /* LaunchScreen.storyboard */,
				A51CC80A23E2D5F6007AF332 /* Info.plist */,
				A51CC80223E2D5F4007AF332 /* TinkoffNews.xcdatamodeld */,
			);
			path = TinkoffNews;
			sourceTree = "<group>";
		};
		A51CC81223E2D626007AF332 /* View */ = {
			isa = PBXGroup;
			children = (
				A51CC81023E2D621007AF332 /* MainViewController.swift */,
				A51CC81323E2D661007AF332 /* CellViewController.swift */,
				A5B49A8023E70BFF00C7158B /* DetailViewController.swift */,
			);
			path = View;
			sourceTree = "<group>";
		};
		A51CC81523E2DF4E007AF332 /* ViewModel */ = {
			isa = PBXGroup;
			children = (
				A51CC81623E2E10C007AF332 /* MainViewViewModel.swift */,
				A51CC82023E2E3BB007AF332 /* CellViewModel.swift */,
				A5B49A8223E70C5600C7158B /* DetailViewModel.swift */,
			);
			path = ViewModel;
			sourceTree = "<group>";
		};
		A51CC81823E2E192007AF332 /* APIManager */ = {
			isa = PBXGroup;
			children = (
				A51CC81923E2E1A9007AF332 /* APIManager.swift */,
			);
			path = APIManager;
			sourceTree = "<group>";
		};
		A51CC81D23E2E211007AF332 /* Model */ = {
			isa = PBXGroup;
			children = (
				A51CC81E23E2E21C007AF332 /* ResponseModel.swift */,
				A5B49A8423E71FDC00C7158B /* DetailNews.swift */,
			);
			path = Model;
			sourceTree = "<group>";
		};
		A544762523E7E98C00A1E55B /* Extensions */ = {
			isa = PBXGroup;
			children = (
				A544762623E7E9B800A1E55B /* NSAttributedStringExtension.swift */,
			);
			path = Extensions;
			sourceTree = "<group>";
		};
		A544762823E801A700A1E55B /* CoreDataStack */ = {
			isa = PBXGroup;
			children = (
				A544762923E801BA00A1E55B /* CoreDataStack.swift */,
				A5B6149323E8708800139FE0 /* CoreDataManager.swift */,
			);
			path = CoreDataStack;
			sourceTree = "<group>";
		};
/* End PBXGroup section */

/* Begin PBXNativeTarget section */
		A51CC7F523E2D5F4007AF332 /* TinkoffNews */ = {
			isa = PBXNativeTarget;
			buildConfigurationList = A51CC80D23E2D5F6007AF332 /* Build configuration list for PBXNativeTarget "TinkoffNews" */;
			buildPhases = (
				A51CC7F223E2D5F4007AF332 /* Sources */,
				A51CC7F323E2D5F4007AF332 /* Frameworks */,
				A51CC7F423E2D5F4007AF332 /* Resources */,
			);
			buildRules = (
			);
			dependencies = (
			);
			name = TinkoffNews;
			productName = TinkoffNews;
			productReference = A51CC7F623E2D5F4007AF332 /* TinkoffNews.app */;
			productType = "com.apple.product-type.application";
		};
/* End PBXNativeTarget section */

/* Begin PBXProject section */
		A51CC7EE23E2D5F4007AF332 /* Project object */ = {
			isa = PBXProject;
			attributes = {
				LastSwiftUpdateCheck = 1130;
				LastUpgradeCheck = 1130;
				ORGANIZATIONNAME = Daniil;
				TargetAttributes = {
					A51CC7F523E2D5F4007AF332 = {
						CreatedOnToolsVersion = 11.3.1;
					};
				};
			};
			buildConfigurationList = A51CC7F123E2D5F4007AF332 /* Build configuration list for PBXProject "TinkoffNews" */;
			compatibilityVersion = "Xcode 9.3";
			developmentRegion = en;
			hasScannedForEncodings = 0;
			knownRegions = (
				en,
				Base,
			);
			mainGroup = A51CC7ED23E2D5F4007AF332;
			productRefGroup = A51CC7F723E2D5F4007AF332 /* Products */;
			projectDirPath = "";
			projectRoot = "";
			targets = (
				A51CC7F523E2D5F4007AF332 /* TinkoffNews */,
			);
		};
/* End PBXProject section */

/* Begin PBXResourcesBuildPhase section */
		A51CC7F423E2D5F4007AF332 /* Resources */ = {
			isa = PBXResourcesBuildPhase;
			buildActionMask = 2147483647;
			files = (
				A51CC80923E2D5F6007AF332 /* LaunchScreen.storyboard in Resources */,
				A51CC80623E2D5F6007AF332 /* Assets.xcassets in Resources */,
				A51CC80123E2D5F4007AF332 /* Main.storyboard in Resources */,
			);
			runOnlyForDeploymentPostprocessing = 0;
		};
/* End PBXResourcesBuildPhase section */

/* Begin PBXSourcesBuildPhase section */
		A51CC7F223E2D5F4007AF332 /* Sources */ = {
			isa = PBXSourcesBuildPhase;
			buildActionMask = 2147483647;
			files = (
				A51CC81423E2D661007AF332 /* CellViewController.swift in Sources */,
				A51CC7FA23E2D5F4007AF332 /* AppDelegate.swift in Sources */,
				A51CC80423E2D5F4007AF332 /* TinkoffNews.xcdatamodeld in Sources */,
				A5B6149423E8708800139FE0 /* CoreDataManager.swift in Sources */,
				A51CC7FC23E2D5F4007AF332 /* SceneDelegate.swift in Sources */,
				A544762723E7E9B800A1E55B /* NSAttributedStringExtension.swift in Sources */,
				A51C4B6423E9568E00442950 /* DependencyContainer.swift in Sources */,
				A51CC82123E2E3BB007AF332 /* CellViewModel.swift in Sources */,
				A51CC81723E2E10C007AF332 /* MainViewViewModel.swift in Sources */,
				A544762A23E801BA00A1E55B /* CoreDataStack.swift in Sources */,
				A51CC81123E2D621007AF332 /* MainViewController.swift in Sources */,
				A5B49A8523E71FDC00C7158B /* DetailNews.swift in Sources */,
				A5B49A8123E70BFF00C7158B /* DetailViewController.swift in Sources */,
				A51CC81F23E2E21C007AF332 /* ResponseModel.swift in Sources */,
				A5B49A8323E70C5600C7158B /* DetailViewModel.swift in Sources */,
				A51CC81A23E2E1A9007AF332 /* APIManager.swift in Sources */,
			);
			runOnlyForDeploymentPostprocessing = 0;
		};
/* End PBXSourcesBuildPhase section */

/* Begin PBXVariantGroup section */
		A51CC7FF23E2D5F4007AF332 /* Main.storyboard */ = {
			isa = PBXVariantGroup;
			children = (
				A51CC80023E2D5F4007AF332 /* Base */,
			);
			name = Main.storyboard;
			sourceTree = "<group>";
		};
		A51CC80723E2D5F6007AF332 /* LaunchScreen.storyboard */ = {
			isa = PBXVariantGroup;
			children = (
				A51CC80823E2D5F6007AF332 /* Base */,
			);
			name = LaunchScreen.storyboard;
			sourceTree = "<group>";
		};
/* End PBXVariantGroup section */

/* Begin XCBuildConfiguration section */
		A51CC80B23E2D5F6007AF332 /* Debug */ = {
			isa = XCBuildConfiguration;
			buildSettings = {
				ALWAYS_SEARCH_USER_PATHS = NO;
				CLANG_ANALYZER_NONNULL = YES;
				CLANG_ANALYZER_NUMBER_OBJECT_CONVERSION = YES_AGGRESSIVE;
				CLANG_CXX_LANGUAGE_STANDARD = "gnu++14";
				CLANG_CXX_LIBRARY = "libc++";
				CLANG_ENABLE_MODULES = YES;
				CLANG_ENABLE_OBJC_ARC = YES;
				CLANG_ENABLE_OBJC_WEAK = YES;
				CLANG_WARN_BLOCK_CAPTURE_AUTORELEASING = YES;
				CLANG_WARN_BOOL_CONVERSION = YES;
				CLANG_WARN_COMMA = YES;
				CLANG_WARN_CONSTANT_CONVERSION = YES;
				CLANG_WARN_DEPRECATED_OBJC_IMPLEMENTATIONS = YES;
				CLANG_WARN_DIRECT_OBJC_ISA_USAGE = YES_ERROR;
				CLANG_WARN_DOCUMENTATION_COMMENTS = YES;
				CLANG_WARN_EMPTY_BODY = YES;
				CLANG_WARN_ENUM_CONVERSION = YES;
				CLANG_WARN_INFINITE_RECURSION = YES;
				CLANG_WARN_INT_CONVERSION = YES;
				CLANG_WARN_NON_LITERAL_NULL_CONVERSION = YES;
				CLANG_WARN_OBJC_IMPLICIT_RETAIN_SELF = YES;
				CLANG_WARN_OBJC_LITERAL_CONVERSION = YES;
				CLANG_WARN_OBJC_ROOT_CLASS = YES_ERROR;
				CLANG_WARN_RANGE_LOOP_ANALYSIS = YES;
				CLANG_WARN_STRICT_PROTOTYPES = YES;
				CLANG_WARN_SUSPICIOUS_MOVE = YES;
				CLANG_WARN_UNGUARDED_AVAILABILITY = YES_AGGRESSIVE;
				CLANG_WARN_UNREACHABLE_CODE = YES;
				CLANG_WARN__DUPLICATE_METHOD_MATCH = YES;
				COPY_PHASE_STRIP = NO;
				DEBUG_INFORMATION_FORMAT = dwarf;
				ENABLE_STRICT_OBJC_MSGSEND = YES;
				ENABLE_TESTABILITY = YES;
				GCC_C_LANGUAGE_STANDARD = gnu11;
				GCC_DYNAMIC_NO_PIC = NO;
				GCC_NO_COMMON_BLOCKS = YES;
				GCC_OPTIMIZATION_LEVEL = 0;
				GCC_PREPROCESSOR_DEFINITIONS = (
					"DEBUG=1",
					"$(inherited)",
				);
				GCC_WARN_64_TO_32_BIT_CONVERSION = YES;
				GCC_WARN_ABOUT_RETURN_TYPE = YES_ERROR;
				GCC_WARN_UNDECLARED_SELECTOR = YES;
				GCC_WARN_UNINITIALIZED_AUTOS = YES_AGGRESSIVE;
				GCC_WARN_UNUSED_FUNCTION = YES;
				GCC_WARN_UNUSED_VARIABLE = YES;
				IPHONEOS_DEPLOYMENT_TARGET = 13.2;
				MTL_ENABLE_DEBUG_INFO = INCLUDE_SOURCE;
				MTL_FAST_MATH = YES;
				ONLY_ACTIVE_ARCH = YES;
				SDKROOT = iphoneos;
				SWIFT_ACTIVE_COMPILATION_CONDITIONS = DEBUG;
				SWIFT_OPTIMIZATION_LEVEL = "-Onone";
			};
			name = Debug;
		};
		A51CC80C23E2D5F6007AF332 /* Release */ = {
			isa = XCBuildConfiguration;
			buildSettings = {
				ALWAYS_SEARCH_USER_PATHS = NO;
				CLANG_ANALYZER_NONNULL = YES;
				CLANG_ANALYZER_NUMBER_OBJECT_CONVERSION = YES_AGGRESSIVE;
				CLANG_CXX_LANGUAGE_STANDARD = "gnu++14";
				CLANG_CXX_LIBRARY = "libc++";
				CLANG_ENABLE_MODULES = YES;
				CLANG_ENABLE_OBJC_ARC = YES;
				CLANG_ENABLE_OBJC_WEAK = YES;
				CLANG_WARN_BLOCK_CAPTURE_AUTORELEASING = YES;
				CLANG_WARN_BOOL_CONVERSION = YES;
				CLANG_WARN_COMMA = YES;
				CLANG_WARN_CONSTANT_CONVERSION = YES;
				CLANG_WARN_DEPRECATED_OBJC_IMPLEMENTATIONS = YES;
				CLANG_WARN_DIRECT_OBJC_ISA_USAGE = YES_ERROR;
				CLANG_WARN_DOCUMENTATION_COMMENTS = YES;
				CLANG_WARN_EMPTY_BODY = YES;
				CLANG_WARN_ENUM_CONVERSION = YES;
				CLANG_WARN_INFINITE_RECURSION = YES;
				CLANG_WARN_INT_CONVERSION = YES;
				CLANG_WARN_NON_LITERAL_NULL_CONVERSION = YES;
				CLANG_WARN_OBJC_IMPLICIT_RETAIN_SELF = YES;
				CLANG_WARN_OBJC_LITERAL_CONVERSION = YES;
				CLANG_WARN_OBJC_ROOT_CLASS = YES_ERROR;
				CLANG_WARN_RANGE_LOOP_ANALYSIS = YES;
				CLANG_WARN_STRICT_PROTOTYPES = YES;
				CLANG_WARN_SUSPICIOUS_MOVE = YES;
				CLANG_WARN_UNGUARDED_AVAILABILITY = YES_AGGRESSIVE;
				CLANG_WARN_UNREACHABLE_CODE = YES;
				CLANG_WARN__DUPLICATE_METHOD_MATCH = YES;
				COPY_PHASE_STRIP = NO;
				DEBUG_INFORMATION_FORMAT = "dwarf-with-dsym";
				ENABLE_NS_ASSERTIONS = NO;
				ENABLE_STRICT_OBJC_MSGSEND = YES;
				GCC_C_LANGUAGE_STANDARD = gnu11;
				GCC_NO_COMMON_BLOCKS = YES;
				GCC_WARN_64_TO_32_BIT_CONVERSION = YES;
				GCC_WARN_ABOUT_RETURN_TYPE = YES_ERROR;
				GCC_WARN_UNDECLARED_SELECTOR = YES;
				GCC_WARN_UNINITIALIZED_AUTOS = YES_AGGRESSIVE;
				GCC_WARN_UNUSED_FUNCTION = YES;
				GCC_WARN_UNUSED_VARIABLE = YES;
				IPHONEOS_DEPLOYMENT_TARGET = 13.2;
				MTL_ENABLE_DEBUG_INFO = NO;
				MTL_FAST_MATH = YES;
				SDKROOT = iphoneos;
				SWIFT_COMPILATION_MODE = wholemodule;
				SWIFT_OPTIMIZATION_LEVEL = "-O";
				VALIDATE_PRODUCT = YES;
			};
			name = Release;
		};
		A51CC80E23E2D5F6007AF332 /* Debug */ = {
			isa = XCBuildConfiguration;
			buildSettings = {
				ASSETCATALOG_COMPILER_APPICON_NAME = AppIcon;
				CODE_SIGN_STYLE = Automatic;
				INFOPLIST_FILE = TinkoffNews/Info.plist;
				LD_RUNPATH_SEARCH_PATHS = (
					"$(inherited)",
					"@executable_path/Frameworks",
				);
				PRODUCT_BUNDLE_IDENTIFIER = learning.TinkoffNews;
				PRODUCT_NAME = "$(TARGET_NAME)";
				SWIFT_VERSION = 5.0;
				TARGETED_DEVICE_FAMILY = "1,2";
			};
			name = Debug;
		};
		A51CC80F23E2D5F6007AF332 /* Release */ = {
			isa = XCBuildConfiguration;
			buildSettings = {
				ASSETCATALOG_COMPILER_APPICON_NAME = AppIcon;
				CODE_SIGN_STYLE = Automatic;
				INFOPLIST_FILE = TinkoffNews/Info.plist;
				LD_RUNPATH_SEARCH_PATHS = (
					"$(inherited)",
					"@executable_path/Frameworks",
				);
				PRODUCT_BUNDLE_IDENTIFIER = learning.TinkoffNews;
				PRODUCT_NAME = "$(TARGET_NAME)";
				SWIFT_VERSION = 5.0;
				TARGETED_DEVICE_FAMILY = "1,2";
			};
			name = Release;
		};
/* End XCBuildConfiguration section */

/* Begin XCConfigurationList section */
		A51CC7F123E2D5F4007AF332 /* Build configuration list for PBXProject "TinkoffNews" */ = {
			isa = XCConfigurationList;
			buildConfigurations = (
				A51CC80B23E2D5F6007AF332 /* Debug */,
				A51CC80C23E2D5F6007AF332 /* Release */,
			);
			defaultConfigurationIsVisible = 0;
			defaultConfigurationName = Release;
		};
		A51CC80D23E2D5F6007AF332 /* Build configuration list for PBXNativeTarget "TinkoffNews" */ = {
			isa = XCConfigurationList;
			buildConfigurations = (
				A51CC80E23E2D5F6007AF332 /* Debug */,
				A51CC80F23E2D5F6007AF332 /* Release */,
			);
			defaultConfigurationIsVisible = 0;
			defaultConfigurationName = Release;
		};
/* End XCConfigurationList section */

/* Begin XCVersionGroup section */
		A51CC80223E2D5F4007AF332 /* TinkoffNews.xcdatamodeld */ = {
			isa = XCVersionGroup;
			children = (
				A51CC80323E2D5F4007AF332 /* TinkoffNews.xcdatamodel */,
			);
			currentVersion = A51CC80323E2D5F4007AF332 /* TinkoffNews.xcdatamodel */;
			path = TinkoffNews.xcdatamodeld;
			sourceTree = "<group>";
			versionGroupType = wrapper.xcdatamodel;
		};
/* End XCVersionGroup section */
	};
	rootObject = A51CC7EE23E2D5F4007AF332 /* Project object */;
}
